
Microsoft Visual Studio Solution File, Format Version 12.00
# Visual Studio Version 17
VisualStudioVersion = 17.7.34202.233
MinimumVisualStudioVersion = 10.0.40219.1
Project("{FAE04EC0-301F-11D3-BF4B-00C04F79EFBC}") = "CalculatorPractice", "CalculatorPractice.csproj", "{F780A590-5129-4ADB-BD35-26A3A47B465A}"
EndProject
Global
	GlobalSection(SolutionConfigurationPlatforms) = preSolution
		Debug|Any CPU = Debug|Any CPU
		Release|Any CPU = Release|Any CPU
	EndGlobalSection
	GlobalSection(ProjectConfigurationPlatforms) = postSolution
		{F780A590-5129-4ADB-BD35-26A3A47B465A}.Debug|Any CPU.ActiveCfg = Debug|Any CPU
		{F780A590-5129-4ADB-BD35-26A3A47B465A}.Debug|Any CPU.Build.0 = Debug|Any CPU
		{F780A590-5129-4ADB-BD35-26A3A47B465A}.Release|Any CPU.ActiveCfg = Release|Any CPU
		{F780A590-5129-4ADB-BD35-26A3A47B465A}.Release|Any CPU.Build.0 = Release|Any CPU
	EndGlobalSection
	GlobalSection(SolutionProperties) = preSolution
		HideSolutionNode = FALSE
	EndGlobalSection
	GlobalSection(ExtensibilityGlobals) = postSolution
		SolutionGuid = {725C0D30-0218-43BA-82CA-0A8DAD0EB9A7}
	EndGlobalSection
EndGlobal
